// !$*UTF8*$!
{
	archiveVersion = 1;
	classes = {
	};
	objectVersion = 77;
	objects = {

/* Begin PBXBuildFile section */
		016671C92D5519FF008DF279 /* .gitignore in Resources */ = {isa = PBXBuildFile; fileRef = 016671C82D5519F8008DF279 /* .gitignore */; };
		1993C8303740DBB2C6A1A455 /* Pods_MotionMeCrazyTests.framework in Frameworks */ = {isa = PBXBuildFile; fileRef = 5314AA7CF6244C2DC3698437 /* Pods_MotionMeCrazyTests.framework */; };
		FAC82EA1961A3554DFA18B83 /* Pods_MotionMeCrazy.framework in Frameworks */ = {isa = PBXBuildFile; fileRef = 3E19306AB8F7A33EB08B157F /* Pods_MotionMeCrazy.framework */; };
		FD7BE4DF5E5B0F189275D7A5 /* Pods_MotionMeCrazy_MotionMeCrazyUITests.framework in Frameworks */ = {isa = PBXBuildFile; fileRef = D8D223AB41F0110751119429 /* Pods_MotionMeCrazy_MotionMeCrazyUITests.framework */; };
/* End PBXBuildFile section */

/* Begin PBXContainerItemProxy section */
		016671852D550E2B008DF279 /* PBXContainerItemProxy */ = {
			isa = PBXContainerItemProxy;
			containerPortal = 0166716C2D550E2A008DF279 /* Project object */;
			proxyType = 1;
			remoteGlobalIDString = 016671732D550E2A008DF279;
			remoteInfo = MotionMeCrazy;
		};
		0166718F2D550E2B008DF279 /* PBXContainerItemProxy */ = {
			isa = PBXContainerItemProxy;
			containerPortal = 0166716C2D550E2A008DF279 /* Project object */;
			proxyType = 1;
			remoteGlobalIDString = 016671732D550E2A008DF279;
			remoteInfo = MotionMeCrazy;
		};
/* End PBXContainerItemProxy section */

/* Begin PBXFileReference section */
		016671C82D5519F8008DF279 /* .gitignore */ = {isa = PBXFileReference; lastKnownFileType = text; path = .gitignore; sourceTree = "<group>"; };
		3E19306AB8F7A33EB08B157F /* Pods_MotionMeCrazy.framework */ = {isa = PBXFileReference; explicitFileType = wrapper.framework; includeInIndex = 0; path = Pods_MotionMeCrazy.framework; sourceTree = BUILT_PRODUCTS_DIR; };
		5314AA7CF6244C2DC3698437 /* Pods_MotionMeCrazyTests.framework */ = {isa = PBXFileReference; explicitFileType = wrapper.framework; includeInIndex = 0; path = Pods_MotionMeCrazyTests.framework; sourceTree = BUILT_PRODUCTS_DIR; };
		7D3A4F556D5062A95071D7A2 /* Pods-MotionMeCrazy-MotionMeCrazyUITests.debug.xcconfig */ = {isa = PBXFileReference; includeInIndex = 1; lastKnownFileType = text.xcconfig; name = "Pods-MotionMeCrazy-MotionMeCrazyUITests.debug.xcconfig"; path = "Target Support Files/Pods-MotionMeCrazy-MotionMeCrazyUITests/Pods-MotionMeCrazy-MotionMeCrazyUITests.debug.xcconfig"; sourceTree = "<group>"; };
		7F2D62383E52651F056443F5 /* Pods-MotionMeCrazy.release.xcconfig */ = {isa = PBXFileReference; includeInIndex = 1; lastKnownFileType = text.xcconfig; name = "Pods-MotionMeCrazy.release.xcconfig"; path = "Target Support Files/Pods-MotionMeCrazy/Pods-MotionMeCrazy.release.xcconfig"; sourceTree = "<group>"; };
		81043CF4A2FD782EAD8966A9 /* Pods-MotionMeCrazy-MotionMeCrazyUITests.release.xcconfig */ = {isa = PBXFileReference; includeInIndex = 1; lastKnownFileType = text.xcconfig; name = "Pods-MotionMeCrazy-MotionMeCrazyUITests.release.xcconfig"; path = "Target Support Files/Pods-MotionMeCrazy-MotionMeCrazyUITests/Pods-MotionMeCrazy-MotionMeCrazyUITests.release.xcconfig"; sourceTree = "<group>"; };
		99A98C24CA2A4852513D8ADB /* Pods-MotionMeCrazy.debug.xcconfig */ = {isa = PBXFileReference; includeInIndex = 1; lastKnownFileType = text.xcconfig; name = "Pods-MotionMeCrazy.debug.xcconfig"; path = "Target Support Files/Pods-MotionMeCrazy/Pods-MotionMeCrazy.debug.xcconfig"; sourceTree = "<group>"; };
		C3BF0FE6412A8FD823CAD6C2 /* Pods-MotionMeCrazyTests.release.xcconfig */ = {isa = PBXFileReference; includeInIndex = 1; lastKnownFileType = text.xcconfig; name = "Pods-MotionMeCrazyTests.release.xcconfig"; path = "Target Support Files/Pods-MotionMeCrazyTests/Pods-MotionMeCrazyTests.release.xcconfig"; sourceTree = "<group>"; };
		CC887C352D551FA1007FD0B2 /* MotionMeCrazy.app */ = {isa = PBXFileReference; explicitFileType = wrapper.application; includeInIndex = 0; path = MotionMeCrazy.app; sourceTree = BUILT_PRODUCTS_DIR; };
		CC887C362D551FA1007FD0B2 /* MotionMeCrazyTests.xctest */ = {isa = PBXFileReference; explicitFileType = wrapper.cfbundle; includeInIndex = 0; path = MotionMeCrazyTests.xctest; sourceTree = BUILT_PRODUCTS_DIR; };
		CC887C372D551FA1007FD0B2 /* MotionMeCrazyUITests.xctest */ = {isa = PBXFileReference; explicitFileType = wrapper.cfbundle; includeInIndex = 0; path = MotionMeCrazyUITests.xctest; sourceTree = BUILT_PRODUCTS_DIR; };
		D8D223AB41F0110751119429 /* Pods_MotionMeCrazy_MotionMeCrazyUITests.framework */ = {isa = PBXFileReference; explicitFileType = wrapper.framework; includeInIndex = 0; path = Pods_MotionMeCrazy_MotionMeCrazyUITests.framework; sourceTree = BUILT_PRODUCTS_DIR; };
		DB62BBA101B7EC368DF38E0A /* Pods-MotionMeCrazyTests.debug.xcconfig */ = {isa = PBXFileReference; includeInIndex = 1; lastKnownFileType = text.xcconfig; name = "Pods-MotionMeCrazyTests.debug.xcconfig"; path = "Target Support Files/Pods-MotionMeCrazyTests/Pods-MotionMeCrazyTests.debug.xcconfig"; sourceTree = "<group>"; };
/* End PBXFileReference section */

/* Begin PBXFileSystemSynchronizedRootGroup section */
		016671762D550E2A008DF279 /* MotionMeCrazy */ = {
			isa = PBXFileSystemSynchronizedRootGroup;
			path = MotionMeCrazy;
			sourceTree = "<group>";
		};
		016671872D550E2B008DF279 /* MotionMeCrazyTests */ = {
			isa = PBXFileSystemSynchronizedRootGroup;
			path = MotionMeCrazyTests;
			sourceTree = "<group>";
		};
		016671912D550E2B008DF279 /* MotionMeCrazyUITests */ = {
			isa = PBXFileSystemSynchronizedRootGroup;
			path = MotionMeCrazyUITests;
			sourceTree = "<group>";
		};
/* End PBXFileSystemSynchronizedRootGroup section */

/* Begin PBXFrameworksBuildPhase section */
		016671712D550E2A008DF279 /* Frameworks */ = {
			isa = PBXFrameworksBuildPhase;
			buildActionMask = 2147483647;
			files = (
				FAC82EA1961A3554DFA18B83 /* Pods_MotionMeCrazy.framework in Frameworks */,
			);
			runOnlyForDeploymentPostprocessing = 0;
		};
		016671812D550E2B008DF279 /* Frameworks */ = {
			isa = PBXFrameworksBuildPhase;
			buildActionMask = 2147483647;
			files = (
				1993C8303740DBB2C6A1A455 /* Pods_MotionMeCrazyTests.framework in Frameworks */,
			);
			runOnlyForDeploymentPostprocessing = 0;
		};
		0166718B2D550E2B008DF279 /* Frameworks */ = {
			isa = PBXFrameworksBuildPhase;
			buildActionMask = 2147483647;
			files = (
				FD7BE4DF5E5B0F189275D7A5 /* Pods_MotionMeCrazy_MotionMeCrazyUITests.framework in Frameworks */,
			);
			runOnlyForDeploymentPostprocessing = 0;
		};
/* End PBXFrameworksBuildPhase section */

/* Begin PBXGroup section */
		0166716B2D550E2A008DF279 = {
			isa = PBXGroup;
			children = (
				016671C82D5519F8008DF279 /* .gitignore */,
				016671762D550E2A008DF279 /* MotionMeCrazy */,
				016671872D550E2B008DF279 /* MotionMeCrazyTests */,
				016671912D550E2B008DF279 /* MotionMeCrazyUITests */,
				CC887C352D551FA1007FD0B2 /* MotionMeCrazy.app */,
				CC887C362D551FA1007FD0B2 /* MotionMeCrazyTests.xctest */,
				CC887C372D551FA1007FD0B2 /* MotionMeCrazyUITests.xctest */,
				7304855402A9DD18D94EF0F4 /* Pods */,
				AF1AA614F74CCCA5208E2D8A /* Frameworks */,
			);
			sourceTree = "<group>";
		};
		7304855402A9DD18D94EF0F4 /* Pods */ = {
			isa = PBXGroup;
			children = (
				99A98C24CA2A4852513D8ADB /* Pods-MotionMeCrazy.debug.xcconfig */,
				7F2D62383E52651F056443F5 /* Pods-MotionMeCrazy.release.xcconfig */,
				7D3A4F556D5062A95071D7A2 /* Pods-MotionMeCrazy-MotionMeCrazyUITests.debug.xcconfig */,
				81043CF4A2FD782EAD8966A9 /* Pods-MotionMeCrazy-MotionMeCrazyUITests.release.xcconfig */,
				DB62BBA101B7EC368DF38E0A /* Pods-MotionMeCrazyTests.debug.xcconfig */,
				C3BF0FE6412A8FD823CAD6C2 /* Pods-MotionMeCrazyTests.release.xcconfig */,
			);
			path = Pods;
			sourceTree = "<group>";
		};
		AF1AA614F74CCCA5208E2D8A /* Frameworks */ = {
			isa = PBXGroup;
			children = (
				3E19306AB8F7A33EB08B157F /* Pods_MotionMeCrazy.framework */,
				D8D223AB41F0110751119429 /* Pods_MotionMeCrazy_MotionMeCrazyUITests.framework */,
				5314AA7CF6244C2DC3698437 /* Pods_MotionMeCrazyTests.framework */,
			);
			name = Frameworks;
			sourceTree = "<group>";
		};
/* End PBXGroup section */

/* Begin PBXNativeTarget section */
		016671732D550E2A008DF279 /* MotionMeCrazy */ = {
			isa = PBXNativeTarget;
			buildConfigurationList = 016671982D550E2B008DF279 /* Build configuration list for PBXNativeTarget "MotionMeCrazy" */;
			buildPhases = (
				2AE8C6CA3D496EC7DB9DDF80 /* [CP] Check Pods Manifest.lock */,
				016671702D550E2A008DF279 /* Sources */,
				016671712D550E2A008DF279 /* Frameworks */,
				016671722D550E2A008DF279 /* Resources */,
				BB05D35C2DBE9F5585A7D504 /* [CP] Copy Pods Resources */,
			);
			buildRules = (
			);
			dependencies = (
			);
			fileSystemSynchronizedGroups = (
				016671762D550E2A008DF279 /* MotionMeCrazy */,
			);
			name = MotionMeCrazy;
			productName = MotionMeCrazy;
			productReference = CC887C352D551FA1007FD0B2 /* MotionMeCrazy.app */;
			productType = "com.apple.product-type.application";
		};
		016671832D550E2B008DF279 /* MotionMeCrazyTests */ = {
			isa = PBXNativeTarget;
			buildConfigurationList = 0166719B2D550E2B008DF279 /* Build configuration list for PBXNativeTarget "MotionMeCrazyTests" */;
			buildPhases = (
				B8B3FD75E3713C17B7E72247 /* [CP] Check Pods Manifest.lock */,
				016671802D550E2B008DF279 /* Sources */,
				016671812D550E2B008DF279 /* Frameworks */,
				016671822D550E2B008DF279 /* Resources */,
			);
			buildRules = (
			);
			dependencies = (
				016671862D550E2B008DF279 /* PBXTargetDependency */,
			);
			fileSystemSynchronizedGroups = (
				016671872D550E2B008DF279 /* MotionMeCrazyTests */,
			);
			name = MotionMeCrazyTests;
			productName = MotionMeCrazyTests;
			productReference = CC887C362D551FA1007FD0B2 /* MotionMeCrazyTests.xctest */;
			productType = "com.apple.product-type.bundle.unit-test";
		};
		0166718D2D550E2B008DF279 /* MotionMeCrazyUITests */ = {
			isa = PBXNativeTarget;
			buildConfigurationList = 0166719E2D550E2B008DF279 /* Build configuration list for PBXNativeTarget "MotionMeCrazyUITests" */;
			buildPhases = (
				DD0659395E78B63FEA9AD655 /* [CP] Check Pods Manifest.lock */,
				0166718A2D550E2B008DF279 /* Sources */,
				0166718B2D550E2B008DF279 /* Frameworks */,
				0166718C2D550E2B008DF279 /* Resources */,
				E575CACE5752EDF02BFF25F4 /* [CP] Copy Pods Resources */,
			);
			buildRules = (
			);
			dependencies = (
				016671902D550E2B008DF279 /* PBXTargetDependency */,
			);
			fileSystemSynchronizedGroups = (
				016671912D550E2B008DF279 /* MotionMeCrazyUITests */,
			);
			name = MotionMeCrazyUITests;
			productName = MotionMeCrazyUITests;
			productReference = CC887C372D551FA1007FD0B2 /* MotionMeCrazyUITests.xctest */;
			productType = "com.apple.product-type.bundle.ui-testing";
		};
/* End PBXNativeTarget section */

/* Begin PBXProject section */
		0166716C2D550E2A008DF279 /* Project object */ = {
			isa = PBXProject;
			attributes = {
				BuildIndependentTargetsInParallel = 1;
				LastSwiftUpdateCheck = 1620;
				LastUpgradeCheck = 1620;
				TargetAttributes = {
					016671732D550E2A008DF279 = {
						CreatedOnToolsVersion = 16.2;
					};
					016671832D550E2B008DF279 = {
						CreatedOnToolsVersion = 16.2;
						TestTargetID = 016671732D550E2A008DF279;
					};
					0166718D2D550E2B008DF279 = {
						CreatedOnToolsVersion = 16.2;
						TestTargetID = 016671732D550E2A008DF279;
					};
				};
			};
			buildConfigurationList = 0166716F2D550E2A008DF279 /* Build configuration list for PBXProject "MotionMeCrazy" */;
			developmentRegion = en;
			hasScannedForEncodings = 0;
			knownRegions = (
				en,
				Base,
			);
			mainGroup = 0166716B2D550E2A008DF279;
			minimizedProjectReferenceProxies = 1;
			preferredProjectObjectVersion = 77;
			productRefGroup = 0166716B2D550E2A008DF279;
			projectDirPath = "";
			projectRoot = "";
			targets = (
				016671732D550E2A008DF279 /* MotionMeCrazy */,
				016671832D550E2B008DF279 /* MotionMeCrazyTests */,
				0166718D2D550E2B008DF279 /* MotionMeCrazyUITests */,
			);
		};
/* End PBXProject section */

/* Begin PBXResourcesBuildPhase section */
		016671722D550E2A008DF279 /* Resources */ = {
			isa = PBXResourcesBuildPhase;
			buildActionMask = 2147483647;
			files = (
				016671C92D5519FF008DF279 /* .gitignore in Resources */,
			);
			runOnlyForDeploymentPostprocessing = 0;
		};
		016671822D550E2B008DF279 /* Resources */ = {
			isa = PBXResourcesBuildPhase;
			buildActionMask = 2147483647;
			files = (
			);
			runOnlyForDeploymentPostprocessing = 0;
		};
		0166718C2D550E2B008DF279 /* Resources */ = {
			isa = PBXResourcesBuildPhase;
			buildActionMask = 2147483647;
			files = (
			);
			runOnlyForDeploymentPostprocessing = 0;
		};
/* End PBXResourcesBuildPhase section */

/* Begin PBXShellScriptBuildPhase section */
		2AE8C6CA3D496EC7DB9DDF80 /* [CP] Check Pods Manifest.lock */ = {
			isa = PBXShellScriptBuildPhase;
			buildActionMask = 2147483647;
			files = (
			);
			inputFileListPaths = (
			);
			inputPaths = (
				"${PODS_PODFILE_DIR_PATH}/Podfile.lock",
				"${PODS_ROOT}/Manifest.lock",
			);
			name = "[CP] Check Pods Manifest.lock";
			outputFileListPaths = (
			);
			outputPaths = (
				"$(DERIVED_FILE_DIR)/Pods-MotionMeCrazy-checkManifestLockResult.txt",
			);
			runOnlyForDeploymentPostprocessing = 0;
			shellPath = /bin/sh;
			shellScript = "diff \"${PODS_PODFILE_DIR_PATH}/Podfile.lock\" \"${PODS_ROOT}/Manifest.lock\" > /dev/null\nif [ $? != 0 ] ; then\n    # print error to STDERR\n    echo \"error: The sandbox is not in sync with the Podfile.lock. Run 'pod install' or update your CocoaPods installation.\" >&2\n    exit 1\nfi\n# This output is used by Xcode 'outputs' to avoid re-running this script phase.\necho \"SUCCESS\" > \"${SCRIPT_OUTPUT_FILE_0}\"\n";
			showEnvVarsInLog = 0;
		};
		B8B3FD75E3713C17B7E72247 /* [CP] Check Pods Manifest.lock */ = {
			isa = PBXShellScriptBuildPhase;
			buildActionMask = 2147483647;
			files = (
			);
			inputFileListPaths = (
			);
			inputPaths = (
				"${PODS_PODFILE_DIR_PATH}/Podfile.lock",
				"${PODS_ROOT}/Manifest.lock",
			);
			name = "[CP] Check Pods Manifest.lock";
			outputFileListPaths = (
			);
			outputPaths = (
				"$(DERIVED_FILE_DIR)/Pods-MotionMeCrazyTests-checkManifestLockResult.txt",
			);
			runOnlyForDeploymentPostprocessing = 0;
			shellPath = /bin/sh;
			shellScript = "diff \"${PODS_PODFILE_DIR_PATH}/Podfile.lock\" \"${PODS_ROOT}/Manifest.lock\" > /dev/null\nif [ $? != 0 ] ; then\n    # print error to STDERR\n    echo \"error: The sandbox is not in sync with the Podfile.lock. Run 'pod install' or update your CocoaPods installation.\" >&2\n    exit 1\nfi\n# This output is used by Xcode 'outputs' to avoid re-running this script phase.\necho \"SUCCESS\" > \"${SCRIPT_OUTPUT_FILE_0}\"\n";
			showEnvVarsInLog = 0;
		};
		BB05D35C2DBE9F5585A7D504 /* [CP] Copy Pods Resources */ = {
			isa = PBXShellScriptBuildPhase;
			buildActionMask = 2147483647;
			files = (
			);
			inputFileListPaths = (
				"${PODS_ROOT}/Target Support Files/Pods-MotionMeCrazy/Pods-MotionMeCrazy-resources-${CONFIGURATION}-input-files.xcfilelist",
			);
			name = "[CP] Copy Pods Resources";
			outputFileListPaths = (
				"${PODS_ROOT}/Target Support Files/Pods-MotionMeCrazy/Pods-MotionMeCrazy-resources-${CONFIGURATION}-output-files.xcfilelist",
			);
			runOnlyForDeploymentPostprocessing = 0;
			shellPath = /bin/sh;
			shellScript = "\"${PODS_ROOT}/Target Support Files/Pods-MotionMeCrazy/Pods-MotionMeCrazy-resources.sh\"\n";
			showEnvVarsInLog = 0;
		};
		DD0659395E78B63FEA9AD655 /* [CP] Check Pods Manifest.lock */ = {
			isa = PBXShellScriptBuildPhase;
			buildActionMask = 2147483647;
			files = (
			);
			inputFileListPaths = (
			);
			inputPaths = (
				"${PODS_PODFILE_DIR_PATH}/Podfile.lock",
				"${PODS_ROOT}/Manifest.lock",
			);
			name = "[CP] Check Pods Manifest.lock";
			outputFileListPaths = (
			);
			outputPaths = (
				"$(DERIVED_FILE_DIR)/Pods-MotionMeCrazy-MotionMeCrazyUITests-checkManifestLockResult.txt",
			);
			runOnlyForDeploymentPostprocessing = 0;
			shellPath = /bin/sh;
			shellScript = "diff \"${PODS_PODFILE_DIR_PATH}/Podfile.lock\" \"${PODS_ROOT}/Manifest.lock\" > /dev/null\nif [ $? != 0 ] ; then\n    # print error to STDERR\n    echo \"error: The sandbox is not in sync with the Podfile.lock. Run 'pod install' or update your CocoaPods installation.\" >&2\n    exit 1\nfi\n# This output is used by Xcode 'outputs' to avoid re-running this script phase.\necho \"SUCCESS\" > \"${SCRIPT_OUTPUT_FILE_0}\"\n";
			showEnvVarsInLog = 0;
		};
		E575CACE5752EDF02BFF25F4 /* [CP] Copy Pods Resources */ = {
			isa = PBXShellScriptBuildPhase;
			buildActionMask = 2147483647;
			files = (
			);
			inputFileListPaths = (
				"${PODS_ROOT}/Target Support Files/Pods-MotionMeCrazy-MotionMeCrazyUITests/Pods-MotionMeCrazy-MotionMeCrazyUITests-resources-${CONFIGURATION}-input-files.xcfilelist",
			);
			name = "[CP] Copy Pods Resources";
			outputFileListPaths = (
				"${PODS_ROOT}/Target Support Files/Pods-MotionMeCrazy-MotionMeCrazyUITests/Pods-MotionMeCrazy-MotionMeCrazyUITests-resources-${CONFIGURATION}-output-files.xcfilelist",
			);
			runOnlyForDeploymentPostprocessing = 0;
			shellPath = /bin/sh;
			shellScript = "\"${PODS_ROOT}/Target Support Files/Pods-MotionMeCrazy-MotionMeCrazyUITests/Pods-MotionMeCrazy-MotionMeCrazyUITests-resources.sh\"\n";
			showEnvVarsInLog = 0;
		};
/* End PBXShellScriptBuildPhase section */

/* Begin PBXSourcesBuildPhase section */
		016671702D550E2A008DF279 /* Sources */ = {
			isa = PBXSourcesBuildPhase;
			buildActionMask = 2147483647;
			files = (
			);
			runOnlyForDeploymentPostprocessing = 0;
		};
		016671802D550E2B008DF279 /* Sources */ = {
			isa = PBXSourcesBuildPhase;
			buildActionMask = 2147483647;
			files = (
			);
			runOnlyForDeploymentPostprocessing = 0;
		};
		0166718A2D550E2B008DF279 /* Sources */ = {
			isa = PBXSourcesBuildPhase;
			buildActionMask = 2147483647;
			files = (
			);
			runOnlyForDeploymentPostprocessing = 0;
		};
/* End PBXSourcesBuildPhase section */

/* Begin PBXTargetDependency section */
		016671862D550E2B008DF279 /* PBXTargetDependency */ = {
			isa = PBXTargetDependency;
			target = 016671732D550E2A008DF279 /* MotionMeCrazy */;
			targetProxy = 016671852D550E2B008DF279 /* PBXContainerItemProxy */;
		};
		016671902D550E2B008DF279 /* PBXTargetDependency */ = {
			isa = PBXTargetDependency;
			target = 016671732D550E2A008DF279 /* MotionMeCrazy */;
			targetProxy = 0166718F2D550E2B008DF279 /* PBXContainerItemProxy */;
		};
/* End PBXTargetDependency section */

/* Begin XCBuildConfiguration section */
		016671962D550E2B008DF279 /* Debug */ = {
			isa = XCBuildConfiguration;
			buildSettings = {
				ALWAYS_SEARCH_USER_PATHS = NO;
				ASSETCATALOG_COMPILER_GENERATE_SWIFT_ASSET_SYMBOL_EXTENSIONS = YES;
				CLANG_ANALYZER_NONNULL = YES;
				CLANG_ANALYZER_NUMBER_OBJECT_CONVERSION = YES_AGGRESSIVE;
				CLANG_CXX_LANGUAGE_STANDARD = "gnu++20";
				CLANG_ENABLE_MODULES = YES;
				CLANG_ENABLE_OBJC_ARC = YES;
				CLANG_ENABLE_OBJC_WEAK = YES;
				CLANG_WARN_BLOCK_CAPTURE_AUTORELEASING = YES;
				CLANG_WARN_BOOL_CONVERSION = YES;
				CLANG_WARN_COMMA = YES;
				CLANG_WARN_CONSTANT_CONVERSION = YES;
				CLANG_WARN_DEPRECATED_OBJC_IMPLEMENTATIONS = YES;
				CLANG_WARN_DIRECT_OBJC_ISA_USAGE = YES_ERROR;
				CLANG_WARN_DOCUMENTATION_COMMENTS = YES;
				CLANG_WARN_EMPTY_BODY = YES;
				CLANG_WARN_ENUM_CONVERSION = YES;
				CLANG_WARN_INFINITE_RECURSION = YES;
				CLANG_WARN_INT_CONVERSION = YES;
				CLANG_WARN_NON_LITERAL_NULL_CONVERSION = YES;
				CLANG_WARN_OBJC_IMPLICIT_RETAIN_SELF = YES;
				CLANG_WARN_OBJC_LITERAL_CONVERSION = YES;
				CLANG_WARN_OBJC_ROOT_CLASS = YES_ERROR;
				CLANG_WARN_QUOTED_INCLUDE_IN_FRAMEWORK_HEADER = YES;
				CLANG_WARN_RANGE_LOOP_ANALYSIS = YES;
				CLANG_WARN_STRICT_PROTOTYPES = YES;
				CLANG_WARN_SUSPICIOUS_MOVE = YES;
				CLANG_WARN_UNGUARDED_AVAILABILITY = YES_AGGRESSIVE;
				CLANG_WARN_UNREACHABLE_CODE = YES;
				CLANG_WARN__DUPLICATE_METHOD_MATCH = YES;
				COPY_PHASE_STRIP = NO;
				DEBUG_INFORMATION_FORMAT = dwarf;
				ENABLE_STRICT_OBJC_MSGSEND = YES;
				ENABLE_TESTABILITY = YES;
				ENABLE_USER_SCRIPT_SANDBOXING = YES;
				GCC_C_LANGUAGE_STANDARD = gnu17;
				GCC_DYNAMIC_NO_PIC = NO;
				GCC_NO_COMMON_BLOCKS = YES;
				GCC_OPTIMIZATION_LEVEL = 0;
				GCC_PREPROCESSOR_DEFINITIONS = (
					"DEBUG=1",
					"$(inherited)",
				);
				GCC_WARN_64_TO_32_BIT_CONVERSION = YES;
				GCC_WARN_ABOUT_RETURN_TYPE = YES_ERROR;
				GCC_WARN_UNDECLARED_SELECTOR = YES;
				GCC_WARN_UNINITIALIZED_AUTOS = YES_AGGRESSIVE;
				GCC_WARN_UNUSED_FUNCTION = YES;
				GCC_WARN_UNUSED_VARIABLE = YES;
				IPHONEOS_DEPLOYMENT_TARGET = 18.2;
				LOCALIZATION_PREFERS_STRING_CATALOGS = YES;
				MTL_ENABLE_DEBUG_INFO = INCLUDE_SOURCE;
				MTL_FAST_MATH = YES;
				ONLY_ACTIVE_ARCH = YES;
				SDKROOT = iphoneos;
				SWIFT_ACTIVE_COMPILATION_CONDITIONS = "DEBUG $(inherited)";
				SWIFT_OPTIMIZATION_LEVEL = "-Onone";
			};
			name = Debug;
		};
		016671972D550E2B008DF279 /* Release */ = {
			isa = XCBuildConfiguration;
			buildSettings = {
				ALWAYS_SEARCH_USER_PATHS = NO;
				ASSETCATALOG_COMPILER_GENERATE_SWIFT_ASSET_SYMBOL_EXTENSIONS = YES;
				CLANG_ANALYZER_NONNULL = YES;
				CLANG_ANALYZER_NUMBER_OBJECT_CONVERSION = YES_AGGRESSIVE;
				CLANG_CXX_LANGUAGE_STANDARD = "gnu++20";
				CLANG_ENABLE_MODULES = YES;
				CLANG_ENABLE_OBJC_ARC = YES;
				CLANG_ENABLE_OBJC_WEAK = YES;
				CLANG_WARN_BLOCK_CAPTURE_AUTORELEASING = YES;
				CLANG_WARN_BOOL_CONVERSION = YES;
				CLANG_WARN_COMMA = YES;
				CLANG_WARN_CONSTANT_CONVERSION = YES;
				CLANG_WARN_DEPRECATED_OBJC_IMPLEMENTATIONS = YES;
				CLANG_WARN_DIRECT_OBJC_ISA_USAGE = YES_ERROR;
				CLANG_WARN_DOCUMENTATION_COMMENTS = YES;
				CLANG_WARN_EMPTY_BODY = YES;
				CLANG_WARN_ENUM_CONVERSION = YES;
				CLANG_WARN_INFINITE_RECURSION = YES;
				CLANG_WARN_INT_CONVERSION = YES;
				CLANG_WARN_NON_LITERAL_NULL_CONVERSION = YES;
				CLANG_WARN_OBJC_IMPLICIT_RETAIN_SELF = YES;
				CLANG_WARN_OBJC_LITERAL_CONVERSION = YES;
				CLANG_WARN_OBJC_ROOT_CLASS = YES_ERROR;
				CLANG_WARN_QUOTED_INCLUDE_IN_FRAMEWORK_HEADER = YES;
				CLANG_WARN_RANGE_LOOP_ANALYSIS = YES;
				CLANG_WARN_STRICT_PROTOTYPES = YES;
				CLANG_WARN_SUSPICIOUS_MOVE = YES;
				CLANG_WARN_UNGUARDED_AVAILABILITY = YES_AGGRESSIVE;
				CLANG_WARN_UNREACHABLE_CODE = YES;
				CLANG_WARN__DUPLICATE_METHOD_MATCH = YES;
				COPY_PHASE_STRIP = NO;
				DEBUG_INFORMATION_FORMAT = "dwarf-with-dsym";
				ENABLE_NS_ASSERTIONS = NO;
				ENABLE_STRICT_OBJC_MSGSEND = YES;
				ENABLE_USER_SCRIPT_SANDBOXING = YES;
				GCC_C_LANGUAGE_STANDARD = gnu17;
				GCC_NO_COMMON_BLOCKS = YES;
				GCC_WARN_64_TO_32_BIT_CONVERSION = YES;
				GCC_WARN_ABOUT_RETURN_TYPE = YES_ERROR;
				GCC_WARN_UNDECLARED_SELECTOR = YES;
				GCC_WARN_UNINITIALIZED_AUTOS = YES_AGGRESSIVE;
				GCC_WARN_UNUSED_FUNCTION = YES;
				GCC_WARN_UNUSED_VARIABLE = YES;
				IPHONEOS_DEPLOYMENT_TARGET = 18.2;
				LOCALIZATION_PREFERS_STRING_CATALOGS = YES;
				MTL_ENABLE_DEBUG_INFO = NO;
				MTL_FAST_MATH = YES;
				SDKROOT = iphoneos;
				SWIFT_COMPILATION_MODE = wholemodule;
				VALIDATE_PRODUCT = YES;
			};
			name = Release;
		};
		016671992D550E2B008DF279 /* Debug */ = {
			isa = XCBuildConfiguration;
			baseConfigurationReference = 99A98C24CA2A4852513D8ADB /* Pods-MotionMeCrazy.debug.xcconfig */;
			buildSettings = {
				ASSETCATALOG_COMPILER_APPICON_NAME = AppIcon;
				ASSETCATALOG_COMPILER_GLOBAL_ACCENT_COLOR_NAME = AccentColor;
				CODE_SIGN_STYLE = Automatic;
				CURRENT_PROJECT_VERSION = 1;
				DEVELOPMENT_ASSET_PATHS = "\"MotionMeCrazy/Preview Content\"";
				ENABLE_PREVIEWS = YES;
				ENABLE_USER_SCRIPT_SANDBOXING = NO;
				GENERATE_INFOPLIST_FILE = YES;
				INFOPLIST_KEY_NSCameraUsageDescription = "This app requires access to the camera to capture photos and videos.";
				INFOPLIST_KEY_UIApplicationSceneManifest_Generation = YES;
				INFOPLIST_KEY_UIApplicationSupportsIndirectInputEvents = YES;
				INFOPLIST_KEY_UILaunchScreen_Generation = YES;
				INFOPLIST_KEY_UISupportedInterfaceOrientations_iPad = "UIInterfaceOrientationPortrait UIInterfaceOrientationPortraitUpsideDown UIInterfaceOrientationLandscapeLeft UIInterfaceOrientationLandscapeRight";
				INFOPLIST_KEY_UISupportedInterfaceOrientations_iPhone = "UIInterfaceOrientationPortrait UIInterfaceOrientationLandscapeLeft UIInterfaceOrientationLandscapeRight";
				LD_RUNPATH_SEARCH_PATHS = (
					"$(inherited)",
					"@executable_path/Frameworks",
				);
				MARKETING_VERSION = 1.0;
				PRODUCT_BUNDLE_IDENTIFIER = sweTeam6.MotionMeCrazy;
				PRODUCT_NAME = "$(TARGET_NAME)";
				SWIFT_EMIT_LOC_STRINGS = YES;
				SWIFT_VERSION = 5.0;
				TARGETED_DEVICE_FAMILY = "1,2";
			};
			name = Debug;
		};
		0166719A2D550E2B008DF279 /* Release */ = {
			isa = XCBuildConfiguration;
			baseConfigurationReference = 7F2D62383E52651F056443F5 /* Pods-MotionMeCrazy.release.xcconfig */;
			buildSettings = {
				ASSETCATALOG_COMPILER_APPICON_NAME = AppIcon;
				ASSETCATALOG_COMPILER_GLOBAL_ACCENT_COLOR_NAME = AccentColor;
				CODE_SIGN_STYLE = Automatic;
				CURRENT_PROJECT_VERSION = 1;
				DEVELOPMENT_ASSET_PATHS = "\"MotionMeCrazy/Preview Content\"";
				ENABLE_PREVIEWS = YES;
				ENABLE_USER_SCRIPT_SANDBOXING = NO;
				GENERATE_INFOPLIST_FILE = YES;
				INFOPLIST_KEY_NSCameraUsageDescription = "This app requires access to the camera to capture photos and videos.";
				INFOPLIST_KEY_UIApplicationSceneManifest_Generation = YES;
				INFOPLIST_KEY_UIApplicationSupportsIndirectInputEvents = YES;
				INFOPLIST_KEY_UILaunchScreen_Generation = YES;
				INFOPLIST_KEY_UISupportedInterfaceOrientations_iPad = "UIInterfaceOrientationPortrait UIInterfaceOrientationPortraitUpsideDown UIInterfaceOrientationLandscapeLeft UIInterfaceOrientationLandscapeRight";
				INFOPLIST_KEY_UISupportedInterfaceOrientations_iPhone = "UIInterfaceOrientationPortrait UIInterfaceOrientationLandscapeLeft UIInterfaceOrientationLandscapeRight";
				LD_RUNPATH_SEARCH_PATHS = (
					"$(inherited)",
					"@executable_path/Frameworks",
				);
				MARKETING_VERSION = 1.0;
				PRODUCT_BUNDLE_IDENTIFIER = sweTeam6.MotionMeCrazy;
				PRODUCT_NAME = "$(TARGET_NAME)";
				SWIFT_EMIT_LOC_STRINGS = YES;
				SWIFT_VERSION = 5.0;
				TARGETED_DEVICE_FAMILY = "1,2";
			};
			name = Release;
		};
		0166719C2D550E2B008DF279 /* Debug */ = {
			isa = XCBuildConfiguration;
			baseConfigurationReference = DB62BBA101B7EC368DF38E0A /* Pods-MotionMeCrazyTests.debug.xcconfig */;
			buildSettings = {
				BUNDLE_LOADER = "$(TEST_HOST)";
				CODE_SIGN_STYLE = Automatic;
				CURRENT_PROJECT_VERSION = 1;
				ENABLE_USER_SCRIPT_SANDBOXING = NO;
				GENERATE_INFOPLIST_FILE = YES;
				IPHONEOS_DEPLOYMENT_TARGET = 18.2;
				MARKETING_VERSION = 1.0;
				PRODUCT_BUNDLE_IDENTIFIER = sweTeam6.MotionMeCrazyTests;
				PRODUCT_NAME = "$(TARGET_NAME)";
				SWIFT_EMIT_LOC_STRINGS = NO;
				SWIFT_VERSION = 5.0;
				TARGETED_DEVICE_FAMILY = "1,2";
				TEST_HOST = "$(BUILT_PRODUCTS_DIR)/MotionMeCrazy.app/$(BUNDLE_EXECUTABLE_FOLDER_PATH)/MotionMeCrazy";
			};
			name = Debug;
		};
		0166719D2D550E2B008DF279 /* Release */ = {
			isa = XCBuildConfiguration;
			baseConfigurationReference = C3BF0FE6412A8FD823CAD6C2 /* Pods-MotionMeCrazyTests.release.xcconfig */;
			buildSettings = {
				BUNDLE_LOADER = "$(TEST_HOST)";
				CODE_SIGN_STYLE = Automatic;
				CURRENT_PROJECT_VERSION = 1;
				ENABLE_USER_SCRIPT_SANDBOXING = NO;
				GENERATE_INFOPLIST_FILE = YES;
				IPHONEOS_DEPLOYMENT_TARGET = 18.2;
				MARKETING_VERSION = 1.0;
				PRODUCT_BUNDLE_IDENTIFIER = sweTeam6.MotionMeCrazyTests;
				PRODUCT_NAME = "$(TARGET_NAME)";
				SWIFT_EMIT_LOC_STRINGS = NO;
				SWIFT_VERSION = 5.0;
				TARGETED_DEVICE_FAMILY = "1,2";
				TEST_HOST = "$(BUILT_PRODUCTS_DIR)/MotionMeCrazy.app/$(BUNDLE_EXECUTABLE_FOLDER_PATH)/MotionMeCrazy";
			};
			name = Release;
		};
		0166719F2D550E2B008DF279 /* Debug */ = {
			isa = XCBuildConfiguration;
			baseConfigurationReference = 7D3A4F556D5062A95071D7A2 /* Pods-MotionMeCrazy-MotionMeCrazyUITests.debug.xcconfig */;
			buildSettings = {
				CODE_SIGN_STYLE = Automatic;
				CURRENT_PROJECT_VERSION = 1;
				ENABLE_USER_SCRIPT_SANDBOXING = NO;
				GENERATE_INFOPLIST_FILE = YES;
				MARKETING_VERSION = 1.0;
				PRODUCT_BUNDLE_IDENTIFIER = sweTeam6.MotionMeCrazyUITests;
				PRODUCT_NAME = "$(TARGET_NAME)";
				SWIFT_EMIT_LOC_STRINGS = NO;
				SWIFT_VERSION = 5.0;
				TARGETED_DEVICE_FAMILY = "1,2";
				TEST_TARGET_NAME = MotionMeCrazy;
			};
			name = Debug;
		};
		016671A02D550E2B008DF279 /* Release */ = {
			isa = XCBuildConfiguration;
			baseConfigurationReference = 81043CF4A2FD782EAD8966A9 /* Pods-MotionMeCrazy-MotionMeCrazyUITests.release.xcconfig */;
			buildSettings = {
				CODE_SIGN_STYLE = Automatic;
				CURRENT_PROJECT_VERSION = 1;
				ENABLE_USER_SCRIPT_SANDBOXING = NO;
				GENERATE_INFOPLIST_FILE = YES;
				MARKETING_VERSION = 1.0;
				PRODUCT_BUNDLE_IDENTIFIER = sweTeam6.MotionMeCrazyUITests;
				PRODUCT_NAME = "$(TARGET_NAME)";
				SWIFT_EMIT_LOC_STRINGS = NO;
				SWIFT_VERSION = 5.0;
				TARGETED_DEVICE_FAMILY = "1,2";
				TEST_TARGET_NAME = MotionMeCrazy;
			};
			name = Release;
		};
/* End XCBuildConfiguration section */

/* Begin XCConfigurationList section */
		0166716F2D550E2A008DF279 /* Build configuration list for PBXProject "MotionMeCrazy" */ = {
			isa = XCConfigurationList;
			buildConfigurations = (
				016671962D550E2B008DF279 /* Debug */,
				016671972D550E2B008DF279 /* Release */,
			);
			defaultConfigurationIsVisible = 0;
			defaultConfigurationName = Release;
		};
		016671982D550E2B008DF279 /* Build configuration list for PBXNativeTarget "MotionMeCrazy" */ = {
			isa = XCConfigurationList;
			buildConfigurations = (
				016671992D550E2B008DF279 /* Debug */,
				0166719A2D550E2B008DF279 /* Release */,
			);
			defaultConfigurationIsVisible = 0;
			defaultConfigurationName = Release;
		};
		0166719B2D550E2B008DF279 /* Build configuration list for PBXNativeTarget "MotionMeCrazyTests" */ = {
			isa = XCConfigurationList;
			buildConfigurations = (
				0166719C2D550E2B008DF279 /* Debug */,
				0166719D2D550E2B008DF279 /* Release */,
			);
			defaultConfigurationIsVisible = 0;
			defaultConfigurationName = Release;
		};
		0166719E2D550E2B008DF279 /* Build configuration list for PBXNativeTarget "MotionMeCrazyUITests" */ = {
			isa = XCConfigurationList;
			buildConfigurations = (
				0166719F2D550E2B008DF279 /* Debug */,
				016671A02D550E2B008DF279 /* Release */,
			);
			defaultConfigurationIsVisible = 0;
			defaultConfigurationName = Release;
		};
/* End XCConfigurationList section */
	};
	rootObject = 0166716C2D550E2A008DF279 /* Project object */;
}
